// !$*UTF8*$!
{
	archiveVersion = 1;
	classes = {
	};
	objectVersion = 56;
	objects = {

/* Begin PBXBuildFile section */
		BC308C342A31436400EACBD9 /* TaskItApp.swift in Sources */ = {isa = PBXBuildFile; fileRef = BC308C332A31436400EACBD9 /* TaskItApp.swift */; };
		BC308C362A31436400EACBD9 /* ContentView.swift in Sources */ = {isa = PBXBuildFile; fileRef = BC308C352A31436400EACBD9 /* ContentView.swift */; };
		BC308C382A31436500EACBD9 /* Assets.xcassets in Resources */ = {isa = PBXBuildFile; fileRef = BC308C372A31436500EACBD9 /* Assets.xcassets */; };
		BC308C3C2A31436500EACBD9 /* Preview Assets.xcassets in Resources */ = {isa = PBXBuildFile; fileRef = BC308C3B2A31436500EACBD9 /* Preview Assets.xcassets */; };
		BC308C462A31436500EACBD9 /* TaskItTests.swift in Sources */ = {isa = PBXBuildFile; fileRef = BC308C452A31436500EACBD9 /* TaskItTests.swift */; };
		BC308C502A31436500EACBD9 /* TaskItUITests.swift in Sources */ = {isa = PBXBuildFile; fileRef = BC308C4F2A31436500EACBD9 /* TaskItUITests.swift */; };
		BC308C522A31436500EACBD9 /* TaskItUITestsLaunchTests.swift in Sources */ = {isa = PBXBuildFile; fileRef = BC308C512A31436500EACBD9 /* TaskItUITestsLaunchTests.swift */; };
/* End PBXBuildFile section */

/* Begin PBXContainerItemProxy section */
		BC308C422A31436500EACBD9 /* PBXContainerItemProxy */ = {
			isa = PBXContainerItemProxy;
			containerPortal = BC308C282A31436400EACBD9 /* Project object */;
			proxyType = 1;
			remoteGlobalIDString = BC308C2F2A31436400EACBD9;
			remoteInfo = TaskIt;
		};
		BC308C4C2A31436500EACBD9 /* PBXContainerItemProxy */ = {
			isa = PBXContainerItemProxy;
			containerPortal = BC308C282A31436400EACBD9 /* Project object */;
			proxyType = 1;
			remoteGlobalIDString = BC308C2F2A31436400EACBD9;
			remoteInfo = TaskIt;
		};
/* End PBXContainerItemProxy section */

/* Begin PBXFileReference section */
		BC308C302A31436400EACBD9 /* TaskIt.app */ = {isa = PBXFileReference; explicitFileType = wrapper.application; includeInIndex = 0; path = TaskIt.app; sourceTree = BUILT_PRODUCTS_DIR; };
		BC308C332A31436400EACBD9 /* TaskItApp.swift */ = {isa = PBXFileReference; lastKnownFileType = sourcecode.swift; path = TaskItApp.swift; sourceTree = "<group>"; };
		BC308C352A31436400EACBD9 /* ContentView.swift */ = {isa = PBXFileReference; lastKnownFileType = sourcecode.swift; path = ContentView.swift; sourceTree = "<group>"; };
		BC308C372A31436500EACBD9 /* Assets.xcassets */ = {isa = PBXFileReference; lastKnownFileType = folder.assetcatalog; path = Assets.xcassets; sourceTree = "<group>"; };
		BC308C392A31436500EACBD9 /* TaskIt.entitlements */ = {isa = PBXFileReference; lastKnownFileType = text.plist.entitlements; path = TaskIt.entitlements; sourceTree = "<group>"; };
		BC308C3B2A31436500EACBD9 /* Preview Assets.xcassets */ = {isa = PBXFileReference; lastKnownFileType = folder.assetcatalog; path = "Preview Assets.xcassets"; sourceTree = "<group>"; };
		BC308C412A31436500EACBD9 /* TaskItTests.xctest */ = {isa = PBXFileReference; explicitFileType = wrapper.cfbundle; includeInIndex = 0; path = TaskItTests.xctest; sourceTree = BUILT_PRODUCTS_DIR; };
		BC308C452A31436500EACBD9 /* TaskItTests.swift */ = {isa = PBXFileReference; lastKnownFileType = sourcecode.swift; path = TaskItTests.swift; sourceTree = "<group>"; };
		BC308C4B2A31436500EACBD9 /* TaskItUITests.xctest */ = {isa = PBXFileReference; explicitFileType = wrapper.cfbundle; includeInIndex = 0; path = TaskItUITests.xctest; sourceTree = BUILT_PRODUCTS_DIR; };
		BC308C4F2A31436500EACBD9 /* TaskItUITests.swift */ = {isa = PBXFileReference; lastKnownFileType = sourcecode.swift; path = TaskItUITests.swift; sourceTree = "<group>"; };
		BC308C512A31436500EACBD9 /* TaskItUITestsLaunchTests.swift */ = {isa = PBXFileReference; lastKnownFileType = sourcecode.swift; path = TaskItUITestsLaunchTests.swift; sourceTree = "<group>"; };
/* End PBXFileReference section */

/* Begin PBXFrameworksBuildPhase section */
		BC308C2D2A31436400EACBD9 /* Frameworks */ = {
			isa = PBXFrameworksBuildPhase;
			buildActionMask = 2147483647;
			files = (
			);
			runOnlyForDeploymentPostprocessing = 0;
		};
		BC308C3E2A31436500EACBD9 /* Frameworks */ = {
			isa = PBXFrameworksBuildPhase;
			buildActionMask = 2147483647;
			files = (
			);
			runOnlyForDeploymentPostprocessing = 0;
		};
		BC308C482A31436500EACBD9 /* Frameworks */ = {
			isa = PBXFrameworksBuildPhase;
			buildActionMask = 2147483647;
			files = (
			);
			runOnlyForDeploymentPostprocessing = 0;
		};
/* End PBXFrameworksBuildPhase section */

/* Begin PBXGroup section */
		BC308C272A31436400EACBD9 = {
			isa = PBXGroup;
			children = (
				BC308C322A31436400EACBD9 /* TaskIt */,
				BC308C442A31436500EACBD9 /* TaskItTests */,
				BC308C4E2A31436500EACBD9 /* TaskItUITests */,
				BC308C312A31436400EACBD9 /* Products */,
			);
			sourceTree = "<group>";
		};
		BC308C312A31436400EACBD9 /* Products */ = {
			isa = PBXGroup;
			children = (
				BC308C302A31436400EACBD9 /* TaskIt.app */,
				BC308C412A31436500EACBD9 /* TaskItTests.xctest */,
				BC308C4B2A31436500EACBD9 /* TaskItUITests.xctest */,
			);
			name = Products;
			sourceTree = "<group>";
		};
		BC308C322A31436400EACBD9 /* TaskIt */ = {
			isa = PBXGroup;
			children = (
				BC308C332A31436400EACBD9 /* TaskItApp.swift */,
				BC308C352A31436400EACBD9 /* ContentView.swift */,
				BC308C372A31436500EACBD9 /* Assets.xcassets */,
				BC308C392A31436500EACBD9 /* TaskIt.entitlements */,
				BC308C3A2A31436500EACBD9 /* Preview Content */,
			);
			path = TaskIt;
			sourceTree = "<group>";
		};
		BC308C3A2A31436500EACBD9 /* Preview Content */ = {
			isa = PBXGroup;
			children = (
				BC308C3B2A31436500EACBD9 /* Preview Assets.xcassets */,
			);
			path = "Preview Content";
			sourceTree = "<group>";
		};
		BC308C442A31436500EACBD9 /* TaskItTests */ = {
			isa = PBXGroup;
			children = (
				BC308C452A31436500EACBD9 /* TaskItTests.swift */,
			);
			path = TaskItTests;
			sourceTree = "<group>";
		};
		BC308C4E2A31436500EACBD9 /* TaskItUITests */ = {
			isa = PBXGroup;
			children = (
				BC308C4F2A31436500EACBD9 /* TaskItUITests.swift */,
				BC308C512A31436500EACBD9 /* TaskItUITestsLaunchTests.swift */,
			);
			path = TaskItUITests;
			sourceTree = "<group>";
		};
/* End PBXGroup section */

/* Begin PBXNativeTarget section */
		BC308C2F2A31436400EACBD9 /* TaskIt */ = {
			isa = PBXNativeTarget;
			buildConfigurationList = BC308C552A31436500EACBD9 /* Build configuration list for PBXNativeTarget "TaskIt" */;
			buildPhases = (
				BC308C2C2A31436400EACBD9 /* Sources */,
				BC308C2D2A31436400EACBD9 /* Frameworks */,
				BC308C2E2A31436400EACBD9 /* Resources */,
			);
			buildRules = (
			);
			dependencies = (
			);
			name = TaskIt;
			productName = TaskIt;
			productReference = BC308C302A31436400EACBD9 /* TaskIt.app */;
			productType = "com.apple.product-type.application";
		};
		BC308C402A31436500EACBD9 /* TaskItTests */ = {
			isa = PBXNativeTarget;
			buildConfigurationList = BC308C582A31436500EACBD9 /* Build configuration list for PBXNativeTarget "TaskItTests" */;
			buildPhases = (
				BC308C3D2A31436500EACBD9 /* Sources */,
				BC308C3E2A31436500EACBD9 /* Frameworks */,
				BC308C3F2A31436500EACBD9 /* Resources */,
			);
			buildRules = (
			);
			dependencies = (
				BC308C432A31436500EACBD9 /* PBXTargetDependency */,
			);
			name = TaskItTests;
			productName = TaskItTests;
			productReference = BC308C412A31436500EACBD9 /* TaskItTests.xctest */;
			productType = "com.apple.product-type.bundle.unit-test";
		};
		BC308C4A2A31436500EACBD9 /* TaskItUITests */ = {
			isa = PBXNativeTarget;
			buildConfigurationList = BC308C5B2A31436500EACBD9 /* Build configuration list for PBXNativeTarget "TaskItUITests" */;
			buildPhases = (
				BC308C472A31436500EACBD9 /* Sources */,
				BC308C482A31436500EACBD9 /* Frameworks */,
				BC308C492A31436500EACBD9 /* Resources */,
			);
			buildRules = (
			);
			dependencies = (
				BC308C4D2A31436500EACBD9 /* PBXTargetDependency */,
			);
			name = TaskItUITests;
			productName = TaskItUITests;
			productReference = BC308C4B2A31436500EACBD9 /* TaskItUITests.xctest */;
			productType = "com.apple.product-type.bundle.ui-testing";
		};
/* End PBXNativeTarget section */

/* Begin PBXProject section */
		BC308C282A31436400EACBD9 /* Project object */ = {
			isa = PBXProject;
			attributes = {
				BuildIndependentTargetsInParallel = 1;
				LastSwiftUpdateCheck = 1430;
				LastUpgradeCheck = 1430;
				TargetAttributes = {
					BC308C2F2A31436400EACBD9 = {
						CreatedOnToolsVersion = 14.3;
					};
					BC308C402A31436500EACBD9 = {
						CreatedOnToolsVersion = 14.3;
						TestTargetID = BC308C2F2A31436400EACBD9;
					};
					BC308C4A2A31436500EACBD9 = {
						CreatedOnToolsVersion = 14.3;
						TestTargetID = BC308C2F2A31436400EACBD9;
					};
				};
			};
			buildConfigurationList = BC308C2B2A31436400EACBD9 /* Build configuration list for PBXProject "TaskIt" */;
			compatibilityVersion = "Xcode 14.0";
			developmentRegion = en;
			hasScannedForEncodings = 0;
			knownRegions = (
				en,
				Base,
			);
			mainGroup = BC308C272A31436400EACBD9;
			productRefGroup = BC308C312A31436400EACBD9 /* Products */;
			projectDirPath = "";
			projectRoot = "";
			targets = (
				BC308C2F2A31436400EACBD9 /* TaskIt */,
				BC308C402A31436500EACBD9 /* TaskItTests */,
				BC308C4A2A31436500EACBD9 /* TaskItUITests */,
			);
		};
/* End PBXProject section */

/* Begin PBXResourcesBuildPhase section */
		BC308C2E2A31436400EACBD9 /* Resources */ = {
			isa = PBXResourcesBuildPhase;
			buildActionMask = 2147483647;
			files = (
				BC308C3C2A31436500EACBD9 /* Preview Assets.xcassets in Resources */,
				BC308C382A31436500EACBD9 /* Assets.xcassets in Resources */,
			);
			runOnlyForDeploymentPostprocessing = 0;
		};
		BC308C3F2A31436500EACBD9 /* Resources */ = {
			isa = PBXResourcesBuildPhase;
			buildActionMask = 2147483647;
			files = (
			);
			runOnlyForDeploymentPostprocessing = 0;
		};
		BC308C492A31436500EACBD9 /* Resources */ = {
			isa = PBXResourcesBuildPhase;
			buildActionMask = 2147483647;
			files = (
			);
			runOnlyForDeploymentPostprocessing = 0;
		};
/* End PBXResourcesBuildPhase section */

/* Begin PBXSourcesBuildPhase section */
		BC308C2C2A31436400EACBD9 /* Sources */ = {
			isa = PBXSourcesBuildPhase;
			buildActionMask = 2147483647;
			files = (
				BC308C362A31436400EACBD9 /* ContentView.swift in Sources */,
				BC308C342A31436400EACBD9 /* TaskItApp.swift in Sources */,
			);
			runOnlyForDeploymentPostprocessing = 0;
		};
		BC308C3D2A31436500EACBD9 /* Sources */ = {
			isa = PBXSourcesBuildPhase;
			buildActionMask = 2147483647;
			files = (
				BC308C462A31436500EACBD9 /* TaskItTests.swift in Sources */,
			);
			runOnlyForDeploymentPostprocessing = 0;
		};
		BC308C472A31436500EACBD9 /* Sources */ = {
			isa = PBXSourcesBuildPhase;
			buildActionMask = 2147483647;
			files = (
				BC308C522A31436500EACBD9 /* TaskItUITestsLaunchTests.swift in Sources */,
				BC308C502A31436500EACBD9 /* TaskItUITests.swift in Sources */,
			);
			runOnlyForDeploymentPostprocessing = 0;
		};
/* End PBXSourcesBuildPhase section */

/* Begin PBXTargetDependency section */
		BC308C432A31436500EACBD9 /* PBXTargetDependency */ = {
			isa = PBXTargetDependency;
			target = BC308C2F2A31436400EACBD9 /* TaskIt */;
			targetProxy = BC308C422A31436500EACBD9 /* PBXContainerItemProxy */;
		};
		BC308C4D2A31436500EACBD9 /* PBXTargetDependency */ = {
			isa = PBXTargetDependency;
			target = BC308C2F2A31436400EACBD9 /* TaskIt */;
			targetProxy = BC308C4C2A31436500EACBD9 /* PBXContainerItemProxy */;
		};
/* End PBXTargetDependency section */

/* Begin XCBuildConfiguration section */
		BC308C532A31436500EACBD9 /* Debug */ = {
			isa = XCBuildConfiguration;
			buildSettings = {
				ALWAYS_SEARCH_USER_PATHS = NO;
				CLANG_ANALYZER_NONNULL = YES;
				CLANG_ANALYZER_NUMBER_OBJECT_CONVERSION = YES_AGGRESSIVE;
				CLANG_CXX_LANGUAGE_STANDARD = "gnu++20";
				CLANG_ENABLE_MODULES = YES;
				CLANG_ENABLE_OBJC_ARC = YES;
				CLANG_ENABLE_OBJC_WEAK = YES;
				CLANG_WARN_BLOCK_CAPTURE_AUTORELEASING = YES;
				CLANG_WARN_BOOL_CONVERSION = YES;
				CLANG_WARN_COMMA = YES;
				CLANG_WARN_CONSTANT_CONVERSION = YES;
				CLANG_WARN_DEPRECATED_OBJC_IMPLEMENTATIONS = YES;
				CLANG_WARN_DIRECT_OBJC_ISA_USAGE = YES_ERROR;
				CLANG_WARN_DOCUMENTATION_COMMENTS = YES;
				CLANG_WARN_EMPTY_BODY = YES;
				CLANG_WARN_ENUM_CONVERSION = YES;
				CLANG_WARN_INFINITE_RECURSION = YES;
				CLANG_WARN_INT_CONVERSION = YES;
				CLANG_WARN_NON_LITERAL_NULL_CONVERSION = YES;
				CLANG_WARN_OBJC_IMPLICIT_RETAIN_SELF = YES;
				CLANG_WARN_OBJC_LITERAL_CONVERSION = YES;
				CLANG_WARN_OBJC_ROOT_CLASS = YES_ERROR;
				CLANG_WARN_QUOTED_INCLUDE_IN_FRAMEWORK_HEADER = YES;
				CLANG_WARN_RANGE_LOOP_ANALYSIS = YES;
				CLANG_WARN_STRICT_PROTOTYPES = YES;
				CLANG_WARN_SUSPICIOUS_MOVE = YES;
				CLANG_WARN_UNGUARDED_AVAILABILITY = YES_AGGRESSIVE;
				CLANG_WARN_UNREACHABLE_CODE = YES;
				CLANG_WARN__DUPLICATE_METHOD_MATCH = YES;
				COPY_PHASE_STRIP = NO;
				DEBUG_INFORMATION_FORMAT = dwarf;
				ENABLE_STRICT_OBJC_MSGSEND = YES;
				ENABLE_TESTABILITY = YES;
				GCC_C_LANGUAGE_STANDARD = gnu11;
				GCC_DYNAMIC_NO_PIC = NO;
				GCC_NO_COMMON_BLOCKS = YES;
				GCC_OPTIMIZATION_LEVEL = 0;
				GCC_PREPROCESSOR_DEFINITIONS = (
					"DEBUG=1",
					"$(inherited)",
				);
				GCC_WARN_64_TO_32_BIT_CONVERSION = YES;
				GCC_WARN_ABOUT_RETURN_TYPE = YES_ERROR;
				GCC_WARN_UNDECLARED_SELECTOR = YES;
				GCC_WARN_UNINITIALIZED_AUTOS = YES_AGGRESSIVE;
				GCC_WARN_UNUSED_FUNCTION = YES;
				GCC_WARN_UNUSED_VARIABLE = YES;
				MTL_ENABLE_DEBUG_INFO = INCLUDE_SOURCE;
				MTL_FAST_MATH = YES;
				ONLY_ACTIVE_ARCH = YES;
				SWIFT_ACTIVE_COMPILATION_CONDITIONS = DEBUG;
				SWIFT_OPTIMIZATION_LEVEL = "-Onone";
			};
			name = Debug;
		};
		BC308C542A31436500EACBD9 /* Release */ = {
			isa = XCBuildConfiguration;
			buildSettings = {
				ALWAYS_SEARCH_USER_PATHS = NO;
				CLANG_ANALYZER_NONNULL = YES;
				CLANG_ANALYZER_NUMBER_OBJECT_CONVERSION = YES_AGGRESSIVE;
				CLANG_CXX_LANGUAGE_STANDARD = "gnu++20";
				CLANG_ENABLE_MODULES = YES;
				CLANG_ENABLE_OBJC_ARC = YES;
				CLANG_ENABLE_OBJC_WEAK = YES;
				CLANG_WARN_BLOCK_CAPTURE_AUTORELEASING = YES;
				CLANG_WARN_BOOL_CONVERSION = YES;
				CLANG_WARN_COMMA = YES;
				CLANG_WARN_CONSTANT_CONVERSION = YES;
				CLANG_WARN_DEPRECATED_OBJC_IMPLEMENTATIONS = YES;
				CLANG_WARN_DIRECT_OBJC_ISA_USAGE = YES_ERROR;
				CLANG_WARN_DOCUMENTATION_COMMENTS = YES;
				CLANG_WARN_EMPTY_BODY = YES;
				CLANG_WARN_ENUM_CONVERSION = YES;
				CLANG_WARN_INFINITE_RECURSION = YES;
				CLANG_WARN_INT_CONVERSION = YES;
				CLANG_WARN_NON_LITERAL_NULL_CONVERSION = YES;
				CLANG_WARN_OBJC_IMPLICIT_RETAIN_SELF = YES;
				CLANG_WARN_OBJC_LITERAL_CONVERSION = YES;
				CLANG_WARN_OBJC_ROOT_CLASS = YES_ERROR;
				CLANG_WARN_QUOTED_INCLUDE_IN_FRAMEWORK_HEADER = YES;
				CLANG_WARN_RANGE_LOOP_ANALYSIS = YES;
				CLANG_WARN_STRICT_PROTOTYPES = YES;
				CLANG_WARN_SUSPICIOUS_MOVE = YES;
				CLANG_WARN_UNGUARDED_AVAILABILITY = YES_AGGRESSIVE;
				CLANG_WARN_UNREACHABLE_CODE = YES;
				CLANG_WARN__DUPLICATE_METHOD_MATCH = YES;
				COPY_PHASE_STRIP = NO;
				DEBUG_INFORMATION_FORMAT = "dwarf-with-dsym";
				ENABLE_NS_ASSERTIONS = NO;
				ENABLE_STRICT_OBJC_MSGSEND = YES;
				GCC_C_LANGUAGE_STANDARD = gnu11;
				GCC_NO_COMMON_BLOCKS = YES;
				GCC_WARN_64_TO_32_BIT_CONVERSION = YES;
				GCC_WARN_ABOUT_RETURN_TYPE = YES_ERROR;
				GCC_WARN_UNDECLARED_SELECTOR = YES;
				GCC_WARN_UNINITIALIZED_AUTOS = YES_AGGRESSIVE;
				GCC_WARN_UNUSED_FUNCTION = YES;
				GCC_WARN_UNUSED_VARIABLE = YES;
				MTL_ENABLE_DEBUG_INFO = NO;
				MTL_FAST_MATH = YES;
				SWIFT_COMPILATION_MODE = wholemodule;
				SWIFT_OPTIMIZATION_LEVEL = "-O";
			};
			name = Release;
		};
		BC308C562A31436500EACBD9 /* Debug */ = {
			isa = XCBuildConfiguration;
			buildSettings = {
				ASSETCATALOG_COMPILER_APPICON_NAME = AppIcon;
				ASSETCATALOG_COMPILER_GLOBAL_ACCENT_COLOR_NAME = AccentColor;
				CODE_SIGN_ENTITLEMENTS = TaskIt/TaskIt.entitlements;
				CODE_SIGN_STYLE = Automatic;
				CURRENT_PROJECT_VERSION = 1;
				DEVELOPMENT_ASSET_PATHS = "\"TaskIt/Preview Content\"";
				DEVELOPMENT_TEAM = 6GY5DPW8TM;
				ENABLE_HARDENED_RUNTIME = YES;
				ENABLE_PREVIEWS = YES;
				GENERATE_INFOPLIST_FILE = YES;
				"INFOPLIST_KEY_UIApplicationSceneManifest_Generation[sdk=iphoneos*]" = YES;
				"INFOPLIST_KEY_UIApplicationSceneManifest_Generation[sdk=iphonesimulator*]" = YES;
				"INFOPLIST_KEY_UIApplicationSupportsIndirectInputEvents[sdk=iphoneos*]" = YES;
				"INFOPLIST_KEY_UIApplicationSupportsIndirectInputEvents[sdk=iphonesimulator*]" = YES;
				"INFOPLIST_KEY_UILaunchScreen_Generation[sdk=iphoneos*]" = YES;
				"INFOPLIST_KEY_UILaunchScreen_Generation[sdk=iphonesimulator*]" = YES;
				"INFOPLIST_KEY_UIStatusBarStyle[sdk=iphoneos*]" = UIStatusBarStyleDefault;
				"INFOPLIST_KEY_UIStatusBarStyle[sdk=iphonesimulator*]" = UIStatusBarStyleDefault;
				INFOPLIST_KEY_UISupportedInterfaceOrientations_iPad = "UIInterfaceOrientationPortrait UIInterfaceOrientationPortraitUpsideDown UIInterfaceOrientationLandscapeLeft UIInterfaceOrientationLandscapeRight";
				INFOPLIST_KEY_UISupportedInterfaceOrientations_iPhone = "UIInterfaceOrientationPortrait UIInterfaceOrientationLandscapeLeft UIInterfaceOrientationLandscapeRight";
				IPHONEOS_DEPLOYMENT_TARGET = 16.4;
				LD_RUNPATH_SEARCH_PATHS = "@executable_path/Frameworks";
				"LD_RUNPATH_SEARCH_PATHS[sdk=macosx*]" = "@executable_path/../Frameworks";
				MACOSX_DEPLOYMENT_TARGET = 13.2;
				MARKETING_VERSION = 1.0;
				PRODUCT_BUNDLE_IDENTIFIER = com.LI.TaskIt;
				PRODUCT_NAME = "$(TARGET_NAME)";
				SDKROOT = auto;
				SUPPORTED_PLATFORMS = "iphoneos iphonesimulator macosx";
				SWIFT_EMIT_LOC_STRINGS = YES;
				SWIFT_VERSION = 5.0;
				TARGETED_DEVICE_FAMILY = "1,2";
			};
			name = Debug;
		};
		BC308C572A31436500EACBD9 /* Release */ = {
			isa = XCBuildConfiguration;
			buildSettings = {
				ASSETCATALOG_COMPILER_APPICON_NAME = AppIcon;
				ASSETCATALOG_COMPILER_GLOBAL_ACCENT_COLOR_NAME = AccentColor;
				CODE_SIGN_ENTITLEMENTS = TaskIt/TaskIt.entitlements;
				CODE_SIGN_STYLE = Automatic;
				CURRENT_PROJECT_VERSION = 1;
				DEVELOPMENT_ASSET_PATHS = "\"TaskIt/Preview Content\"";
				DEVELOPMENT_TEAM = 6GY5DPW8TM;
				ENABLE_HARDENED_RUNTIME = YES;
				ENABLE_PREVIEWS = YES;
				GENERATE_INFOPLIST_FILE = YES;
				"INFOPLIST_KEY_UIApplicationSceneManifest_Generation[sdk=iphoneos*]" = YES;
				"INFOPLIST_KEY_UIApplicationSceneManifest_Generation[sdk=iphonesimulator*]" = YES;
				"INFOPLIST_KEY_UIApplicationSupportsIndirectInputEvents[sdk=iphoneos*]" = YES;
				"INFOPLIST_KEY_UIApplicationSupportsIndirectInputEvents[sdk=iphonesimulator*]" = YES;
				"INFOPLIST_KEY_UILaunchScreen_Generation[sdk=iphoneos*]" = YES;
				"INFOPLIST_KEY_UILaunchScreen_Generation[sdk=iphonesimulator*]" = YES;
				"INFOPLIST_KEY_UIStatusBarStyle[sdk=iphoneos*]" = UIStatusBarStyleDefault;
				"INFOPLIST_KEY_UIStatusBarStyle[sdk=iphonesimulator*]" = UIStatusBarStyleDefault;
				INFOPLIST_KEY_UISupportedInterfaceOrientations_iPad = "UIInterfaceOrientationPortrait UIInterfaceOrientationPortraitUpsideDown UIInterfaceOrientationLandscapeLeft UIInterfaceOrientationLandscapeRight";
				INFOPLIST_KEY_UISupportedInterfaceOrientations_iPhone = "UIInterfaceOrientationPortrait UIInterfaceOrientationLandscapeLeft UIInterfaceOrientationLandscapeRight";
				IPHONEOS_DEPLOYMENT_TARGET = 16.4;
				LD_RUNPATH_SEARCH_PATHS = "@executable_path/Frameworks";
				"LD_RUNPATH_SEARCH_PATHS[sdk=macosx*]" = "@executable_path/../Frameworks";
				MACOSX_DEPLOYMENT_TARGET = 13.2;
				MARKETING_VERSION = 1.0;
				PRODUCT_BUNDLE_IDENTIFIER = com.LI.TaskIt;
				PRODUCT_NAME = "$(TARGET_NAME)";
				SDKROOT = auto;
				SUPPORTED_PLATFORMS = "iphoneos iphonesimulator macosx";
				SWIFT_EMIT_LOC_STRINGS = YES;
				SWIFT_VERSION = 5.0;
				TARGETED_DEVICE_FAMILY = "1,2";
			};
			name = Release;
		};
		BC308C592A31436500EACBD9 /* Debug */ = {
			isa = XCBuildConfiguration;
			buildSettings = {
				ALWAYS_EMBED_SWIFT_STANDARD_LIBRARIES = YES;
				BUNDLE_LOADER = "$(TEST_HOST)";
				CODE_SIGN_STYLE = Automatic;
				CURRENT_PROJECT_VERSION = 1;
				DEVELOPMENT_TEAM = 6GY5DPW8TM;
				GENERATE_INFOPLIST_FILE = YES;
				IPHONEOS_DEPLOYMENT_TARGET = 16.4;
				MACOSX_DEPLOYMENT_TARGET = 13.2;
				MARKETING_VERSION = 1.0;
				PRODUCT_BUNDLE_IDENTIFIER = com.LI.TaskItTests;
				PRODUCT_NAME = "$(TARGET_NAME)";
				SDKROOT = auto;
				SUPPORTED_PLATFORMS = "iphoneos iphonesimulator macosx";
				SWIFT_EMIT_LOC_STRINGS = NO;
				SWIFT_VERSION = 5.0;
				TARGETED_DEVICE_FAMILY = "1,2";
				TEST_HOST = "$(BUILT_PRODUCTS_DIR)/TaskIt.app/$(BUNDLE_EXECUTABLE_FOLDER_PATH)/TaskIt";
			};
			name = Debug;
		};
		BC308C5A2A31436500EACBD9 /* Release */ = {
			isa = XCBuildConfiguration;
			buildSettings = {
				ALWAYS_EMBED_SWIFT_STANDARD_LIBRARIES = YES;
				BUNDLE_LOADER = "$(TEST_HOST)";
				CODE_SIGN_STYLE = Automatic;
				CURRENT_PROJECT_VERSION = 1;
				DEVELOPMENT_TEAM = 6GY5DPW8TM;
				GENERATE_INFOPLIST_FILE = YES;
				IPHONEOS_DEPLOYMENT_TARGET = 16.4;
				MACOSX_DEPLOYMENT_TARGET = 13.2;
				MARKETING_VERSION = 1.0;
				PRODUCT_BUNDLE_IDENTIFIER = com.LI.TaskItTests;
				PRODUCT_NAME = "$(TARGET_NAME)";
				SDKROOT = auto;
				SUPPORTED_PLATFORMS = "iphoneos iphonesimulator macosx";
				SWIFT_EMIT_LOC_STRINGS = NO;
				SWIFT_VERSION = 5.0;
				TARGETED_DEVICE_FAMILY = "1,2";
				TEST_HOST = "$(BUILT_PRODUCTS_DIR)/TaskIt.app/$(BUNDLE_EXECUTABLE_FOLDER_PATH)/TaskIt";
			};
			name = Release;
		};
		BC308C5C2A31436500EACBD9 /* Debug */ = {
			isa = XCBuildConfiguration;
			buildSettings = {
				ALWAYS_EMBED_SWIFT_STANDARD_LIBRARIES = YES;
				CODE_SIGN_STYLE = Automatic;
				CURRENT_PROJECT_VERSION = 1;
				DEVELOPMENT_TEAM = 6GY5DPW8TM;
				GENERATE_INFOPLIST_FILE = YES;
				IPHONEOS_DEPLOYMENT_TARGET = 16.4;
				MACOSX_DEPLOYMENT_TARGET = 13.2;
				MARKETING_VERSION = 1.0;
				PRODUCT_BUNDLE_IDENTIFIER = com.LI.TaskItUITests;
				PRODUCT_NAME = "$(TARGET_NAME)";
				SDKROOT = auto;
				SUPPORTED_PLATFORMS = "iphoneos iphonesimulator macosx";
				SWIFT_EMIT_LOC_STRINGS = NO;
				SWIFT_VERSION = 5.0;
				TARGETED_DEVICE_FAMILY = "1,2";
				TEST_TARGET_NAME = TaskIt;
			};
			name = Debug;
		};
		BC308C5D2A31436500EACBD9 /* Release */ = {
			isa = XCBuildConfiguration;
			buildSettings = {
				ALWAYS_EMBED_SWIFT_STANDARD_LIBRARIES = YES;
				CODE_SIGN_STYLE = Automatic;
				CURRENT_PROJECT_VERSION = 1;
				DEVELOPMENT_TEAM = 6GY5DPW8TM;
				GENERATE_INFOPLIST_FILE = YES;
				IPHONEOS_DEPLOYMENT_TARGET = 16.4;
				MACOSX_DEPLOYMENT_TARGET = 13.2;
				MARKETING_VERSION = 1.0;
				PRODUCT_BUNDLE_IDENTIFIER = com.LI.TaskItUITests;
				PRODUCT_NAME = "$(TARGET_NAME)";
				SDKROOT = auto;
				SUPPORTED_PLATFORMS = "iphoneos iphonesimulator macosx";
				SWIFT_EMIT_LOC_STRINGS = NO;
				SWIFT_VERSION = 5.0;
				TARGETED_DEVICE_FAMILY = "1,2";
				TEST_TARGET_NAME = TaskIt;
			};
			name = Release;
		};
/* End XCBuildConfiguration section */

/* Begin XCConfigurationList section */
		BC308C2B2A31436400EACBD9 /* Build configuration list for PBXProject "TaskIt" */ = {
			isa = XCConfigurationList;
			buildConfigurations = (
				BC308C532A31436500EACBD9 /* Debug */,
				BC308C542A31436500EACBD9 /* Release */,
			);
			defaultConfigurationIsVisible = 0;
			defaultConfigurationName = Release;
		};
		BC308C552A31436500EACBD9 /* Build configuration list for PBXNativeTarget "TaskIt" */ = {
			isa = XCConfigurationList;
			buildConfigurations = (
				BC308C562A31436500EACBD9 /* Debug */,
				BC308C572A31436500EACBD9 /* Release */,
			);
			defaultConfigurationIsVisible = 0;
			defaultConfigurationName = Release;
		};
		BC308C582A31436500EACBD9 /* Build configuration list for PBXNativeTarget "TaskItTests" */ = {
			isa = XCConfigurationList;
			buildConfigurations = (
				BC308C592A31436500EACBD9 /* Debug */,
				BC308C5A2A31436500EACBD9 /* Release */,
			);
			defaultConfigurationIsVisible = 0;
			defaultConfigurationName = Release;
		};
		BC308C5B2A31436500EACBD9 /* Build configuration list for PBXNativeTarget "TaskItUITests" */ = {
			isa = XCConfigurationList;
			buildConfigurations = (
				BC308C5C2A31436500EACBD9 /* Debug */,
				BC308C5D2A31436500EACBD9 /* Release */,
			);
			defaultConfigurationIsVisible = 0;
			defaultConfigurationName = Release;
		};
/* End XCConfigurationList section */
	};
	rootObject = BC308C282A31436400EACBD9 /* Project object */;
}
